{
  "version": 4,
  "terraform_version": "1.1.9",
  "serial": 4,
  "lineage": "482cf382-bcb4-e3f6-9e2a-221b692eeada",
  "outputs": {},
  "resources": [
    {
      "mode": "managed",
      "type": "azurerm_resource_group",
      "name": "staticwebresource",
      "provider": "provider[\"registry.terraform.io/hashicorp/azurerm\"]",
      "instances": [
        {
          "schema_version": 0,
          "attributes": {
            "id": "/subscriptions/bb9a6dd2-de68-43db-b3d4-c5916b398657/resourceGroups/tolustaticweb",
            "location": "westus",
            "managed_by": "",
            "name": "tolustaticweb",
            "tags": null,
            "timeouts": null
          },
          "sensitive_attributes": [],
          "private": "eyJlMmJmYjczMC1lY2FhLTExZTYtOGY4OC0zNDM2M2JjN2M0YzAiOnsiY3JlYXRlIjo1NDAwMDAwMDAwMDAwLCJkZWxldGUiOjU0MDAwMDAwMDAwMDAsInJlYWQiOjMwMDAwMDAwMDAwMCwidXBkYXRlIjo1NDAwMDAwMDAwMDAwfX0="
        }
      ]
    },
    {
      "mode": "managed",
      "type": "azurerm_storage_account",
      "name": "staticwebstorage",
      "provider": "provider[\"registry.terraform.io/hashicorp/azurerm\"]",
      "instances": [
        {
          "schema_version": 4,
          "attributes": {
            "access_tier": "Hot",
            "account_kind": "StorageV2",
            "account_replication_type": "LRS",
            "account_tier": "Standard",
            "allow_nested_items_to_be_public": true,
            "allowed_copy_scope": "",
            "azure_files_authentication": [],
            "blob_properties": [
              {
                "change_feed_enabled": false,
                "change_feed_retention_in_days": 0,
                "container_delete_retention_policy": [],
                "cors_rule": [],
                "default_service_version": "",
                "delete_retention_policy": [],
                "last_access_time_enabled": false,
                "restore_policy": [],
                "versioning_enabled": false
              }
            ],
            "cross_tenant_replication_enabled": true,
            "custom_domain": [],
            "customer_managed_key": [],
            "default_to_oauth_authentication": false,
            "edge_zone": "",
            "enable_https_traffic_only": true,
            "id": "/subscriptions/bb9a6dd2-de68-43db-b3d4-c5916b398657/resourceGroups/tolustaticweb/providers/Microsoft.Storage/storageAccounts/tolustorage",
            "identity": [],
            "immutability_policy": [],
            "infrastructure_encryption_enabled": false,
            "is_hns_enabled": false,
            "large_file_share_enabled": null,
            "location": "westus",
            "min_tls_version": "TLS1_2",
            "name": "tolustorage",
            "network_rules": [
              {
                "bypass": [
                  "AzureServices"
                ],
                "default_action": "Allow",
                "ip_rules": [],
                "private_link_access": [],
                "virtual_network_subnet_ids": []
              }
            ],
            "nfsv3_enabled": false,
            "primary_access_key": "/T4W0WbRAquGykIle9gqpaXOjIhYefAkwLCbhGH2ekrJjrLXrbVukQeAk5o54Ax81zUQaRuWaDZg+ASt4XOQxg==",
            "primary_blob_connection_string": "DefaultEndpointsProtocol=https;BlobEndpoint=https://tolustorage.blob.core.windows.net/;AccountName=tolustorage;AccountKey=/T4W0WbRAquGykIle9gqpaXOjIhYefAkwLCbhGH2ekrJjrLXrbVukQeAk5o54Ax81zUQaRuWaDZg+ASt4XOQxg==",
            "primary_blob_endpoint": "https://tolustorage.blob.core.windows.net/",
            "primary_blob_host": "tolustorage.blob.core.windows.net",
            "primary_connection_string": "DefaultEndpointsProtocol=https;AccountName=tolustorage;AccountKey=/T4W0WbRAquGykIle9gqpaXOjIhYefAkwLCbhGH2ekrJjrLXrbVukQeAk5o54Ax81zUQaRuWaDZg+ASt4XOQxg==;EndpointSuffix=core.windows.net",
            "primary_dfs_endpoint": "https://tolustorage.dfs.core.windows.net/",
            "primary_dfs_host": "tolustorage.dfs.core.windows.net",
            "primary_file_endpoint": "https://tolustorage.file.core.windows.net/",
            "primary_file_host": "tolustorage.file.core.windows.net",
            "primary_location": "westus",
            "primary_queue_endpoint": "https://tolustorage.queue.core.windows.net/",
            "primary_queue_host": "tolustorage.queue.core.windows.net",
            "primary_table_endpoint": "https://tolustorage.table.core.windows.net/",
            "primary_table_host": "tolustorage.table.core.windows.net",
            "primary_web_endpoint": "https://tolustorage.z22.web.core.windows.net/",
            "primary_web_host": "tolustorage.z22.web.core.windows.net",
            "public_network_access_enabled": true,
            "queue_encryption_key_type": "Service",
            "queue_properties": [
              {
                "cors_rule": [],
                "hour_metrics": [
                  {
                    "enabled": true,
                    "include_apis": true,
                    "retention_policy_days": 7,
                    "version": "1.0"
                  }
                ],
                "logging": [
                  {
                    "delete": false,
                    "read": false,
                    "retention_policy_days": 0,
                    "version": "1.0",
                    "write": false
                  }
                ],
                "minute_metrics": [
                  {
                    "enabled": false,
                    "include_apis": false,
                    "retention_policy_days": 0,
                    "version": "1.0"
                  }
                ]
              }
            ],
            "resource_group_name": "tolustaticweb",
            "routing": [],
            "sas_policy": [],
            "secondary_access_key": "qh7WW/R0gz1ZZN3H0UL1Y0ofXAAehYFm6xvnH8TN/Dj2naZvFyvpCwlrrbjaIAd4FhJsme0R+swV+AStSDZTKg==",
            "secondary_blob_connection_string": "",
            "secondary_blob_endpoint": null,
            "secondary_blob_host": null,
            "secondary_connection_string": "DefaultEndpointsProtocol=https;AccountName=tolustorage;AccountKey=qh7WW/R0gz1ZZN3H0UL1Y0ofXAAehYFm6xvnH8TN/Dj2naZvFyvpCwlrrbjaIAd4FhJsme0R+swV+AStSDZTKg==;EndpointSuffix=core.windows.net",
            "secondary_dfs_endpoint": null,
            "secondary_dfs_host": null,
            "secondary_file_endpoint": null,
            "secondary_file_host": null,
            "secondary_location": "",
            "secondary_queue_endpoint": null,
            "secondary_queue_host": null,
            "secondary_table_endpoint": null,
            "secondary_table_host": null,
            "secondary_web_endpoint": null,
            "secondary_web_host": null,
            "sftp_enabled": false,
            "share_properties": [
              {
                "cors_rule": [],
                "retention_policy": [
                  {
                    "days": 7
                  }
                ],
                "smb": []
              }
            ],
            "shared_access_key_enabled": true,
            "static_website": [
              {
                "error_404_document": "",
                "index_document": "index.html"
              }
            ],
            "table_encryption_key_type": "Service",
            "tags": null,
            "timeouts": null
          },
          "sensitive_attributes": [],
          "private": "eyJlMmJmYjczMC1lY2FhLTExZTYtOGY4OC0zNDM2M2JjN2M0YzAiOnsiY3JlYXRlIjozNjAwMDAwMDAwMDAwLCJkZWxldGUiOjM2MDAwMDAwMDAwMDAsInJlYWQiOjMwMDAwMDAwMDAwMCwidXBkYXRlIjozNjAwMDAwMDAwMDAwfSwic2NoZW1hX3ZlcnNpb24iOiI0In0=",
          "dependencies": [
            "azurerm_resource_group.staticwebresource"
          ]
        }
      ]
    },
    {
      "mode": "managed",
      "type": "azurerm_storage_blob",
      "name": "staticwebblob",
      "provider": "provider[\"registry.terraform.io/hashicorp/azurerm\"]",
      "instances": [
        {
          "schema_version": 1,
          "attributes": {
            "access_tier": "Hot",
            "cache_control": "",
            "content_md5": "",
            "content_type": "text/html",
            "id": "https://tolustorage.blob.core.windows.net/$web/index.html",
            "metadata": {},
            "name": "index.html",
            "parallelism": 8,
            "size": 0,
            "source": null,
            "source_content": "\u003ch1\u003e Tolu is deploying a static web on azure storage using terraform \u003c/hi\u003e",
            "source_uri": null,
            "storage_account_name": "tolustorage",
            "storage_container_name": "$web",
            "timeouts": null,
            "type": "Block",
            "url": "https://tolustorage.blob.core.windows.net/$web/index.html"
          },
          "sensitive_attributes": [],
          "private": "eyJlMmJmYjczMC1lY2FhLTExZTYtOGY4OC0zNDM2M2JjN2M0YzAiOnsiY3JlYXRlIjoxODAwMDAwMDAwMDAwLCJkZWxldGUiOjE4MDAwMDAwMDAwMDAsInJlYWQiOjMwMDAwMDAwMDAwMCwidXBkYXRlIjoxODAwMDAwMDAwMDAwfSwic2NoZW1hX3ZlcnNpb24iOiIxIn0=",
          "dependencies": [
            "azurerm_resource_group.staticwebresource",
            "azurerm_storage_account.staticwebstorage"
          ]
        }
      ]
    }
  ]
}
